
Microsoft Visual Studio Solution File, Format Version 12.00
# Visual Studio 15
VisualStudioVersion = 15.0.27130.2010
MinimumVisualStudioVersion = 10.0.40219.1
Project("{262852C6-CD72-467D-83FE-5EEB1973A190}") = "ionic2-BoxCushion", "ionic2-BoxCushion\ionic2-BoxCushion.jsproj", "{D3A8C0E5-339E-4ADD-A819-951792EA0D26}"
EndProject
Global
	GlobalSection(SolutionConfigurationPlatforms) = preSolution
		Debug|Android = Debug|Android
		Debug|iOS = Debug|iOS
		Debug|Windows-AnyCPU = Debug|Windows-AnyCPU
		Debug|Windows-ARM = Debug|Windows-ARM
		Debug|Windows-x64 = Debug|Windows-x64
		Debug|Windows-x86 = Debug|Windows-x86
		Release|Android = Release|Android
		Release|iOS = Release|iOS
		Release|Windows-AnyCPU = Release|Windows-AnyCPU
		Release|Windows-ARM = Release|Windows-ARM
		Release|Windows-x64 = Release|Windows-x64
		Release|Windows-x86 = Release|Windows-x86
	EndGlobalSection
	GlobalSection(ProjectConfigurationPlatforms) = postSolution
		{D3A8C0E5-339E-4ADD-A819-951792EA0D26}.Debug|Android.ActiveCfg = Debug|Android
		{D3A8C0E5-339E-4ADD-A819-951792EA0D26}.Debug|Android.Build.0 = Debug|Android
		{D3A8C0E5-339E-4ADD-A819-951792EA0D26}.Debug|Android.Deploy.0 = Debug|Android
		{D3A8C0E5-339E-4ADD-A819-951792EA0D26}.Debug|iOS.ActiveCfg = Debug|iOS
		{D3A8C0E5-339E-4ADD-A819-951792EA0D26}.Debug|iOS.Build.0 = Debug|iOS
		{D3A8C0E5-339E-4ADD-A819-951792EA0D26}.Debug|iOS.Deploy.0 = Debug|iOS
		{D3A8C0E5-339E-4ADD-A819-951792EA0D26}.Debug|Windows-AnyCPU.ActiveCfg = Debug|Windows-AnyCPU
		{D3A8C0E5-339E-4ADD-A819-951792EA0D26}.Debug|Windows-AnyCPU.Build.0 = Debug|Windows-AnyCPU
		{D3A8C0E5-339E-4ADD-A819-951792EA0D26}.Debug|Windows-AnyCPU.Deploy.0 = Debug|Windows-AnyCPU
		{D3A8C0E5-339E-4ADD-A819-951792EA0D26}.Debug|Windows-ARM.ActiveCfg = Debug|Windows-ARM
		{D3A8C0E5-339E-4ADD-A819-951792EA0D26}.Debug|Windows-ARM.Build.0 = Debug|Windows-ARM
		{D3A8C0E5-339E-4ADD-A819-951792EA0D26}.Debug|Windows-ARM.Deploy.0 = Debug|Windows-ARM
		{D3A8C0E5-339E-4ADD-A819-951792EA0D26}.Debug|Windows-x64.ActiveCfg = Debug|Windows-x64
		{D3A8C0E5-339E-4ADD-A819-951792EA0D26}.Debug|Windows-x64.Build.0 = Debug|Windows-x64
		{D3A8C0E5-339E-4ADD-A819-951792EA0D26}.Debug|Windows-x64.Deploy.0 = Debug|Windows-x64
		{D3A8C0E5-339E-4ADD-A819-951792EA0D26}.Debug|Windows-x86.ActiveCfg = Debug|Windows-x86
		{D3A8C0E5-339E-4ADD-A819-951792EA0D26}.Debug|Windows-x86.Build.0 = Debug|Windows-x86
		{D3A8C0E5-339E-4ADD-A819-951792EA0D26}.Debug|Windows-x86.Deploy.0 = Debug|Windows-x86
		{D3A8C0E5-339E-4ADD-A819-951792EA0D26}.Release|Android.ActiveCfg = Release|Android
		{D3A8C0E5-339E-4ADD-A819-951792EA0D26}.Release|Android.Build.0 = Release|Android
		{D3A8C0E5-339E-4ADD-A819-951792EA0D26}.Release|Android.Deploy.0 = Release|Android
		{D3A8C0E5-339E-4ADD-A819-951792EA0D26}.Release|iOS.ActiveCfg = Release|iOS
		{D3A8C0E5-339E-4ADD-A819-951792EA0D26}.Release|iOS.Build.0 = Release|iOS
		{D3A8C0E5-339E-4ADD-A819-951792EA0D26}.Release|iOS.Deploy.0 = Release|iOS
		{D3A8C0E5-339E-4ADD-A819-951792EA0D26}.Release|Windows-AnyCPU.ActiveCfg = Release|Windows-AnyCPU
		{D3A8C0E5-339E-4ADD-A819-951792EA0D26}.Release|Windows-AnyCPU.Build.0 = Release|Windows-AnyCPU
		{D3A8C0E5-339E-4ADD-A819-951792EA0D26}.Release|Windows-AnyCPU.Deploy.0 = Release|Windows-AnyCPU
		{D3A8C0E5-339E-4ADD-A819-951792EA0D26}.Release|Windows-ARM.ActiveCfg = Release|Windows-ARM
		{D3A8C0E5-339E-4ADD-A819-951792EA0D26}.Release|Windows-ARM.Build.0 = Release|Windows-ARM
		{D3A8C0E5-339E-4ADD-A819-951792EA0D26}.Release|Windows-ARM.Deploy.0 = Release|Windows-ARM
		{D3A8C0E5-339E-4ADD-A819-951792EA0D26}.Release|Windows-x64.ActiveCfg = Release|Windows-x64
		{D3A8C0E5-339E-4ADD-A819-951792EA0D26}.Release|Windows-x64.Build.0 = Release|Windows-x64
		{D3A8C0E5-339E-4ADD-A819-951792EA0D26}.Release|Windows-x64.Deploy.0 = Release|Windows-x64
		{D3A8C0E5-339E-4ADD-A819-951792EA0D26}.Release|Windows-x86.ActiveCfg = Release|Windows-x86
		{D3A8C0E5-339E-4ADD-A819-951792EA0D26}.Release|Windows-x86.Build.0 = Release|Windows-x86
		{D3A8C0E5-339E-4ADD-A819-951792EA0D26}.Release|Windows-x86.Deploy.0 = Release|Windows-x86
	EndGlobalSection
	GlobalSection(SolutionProperties) = preSolution
		HideSolutionNode = FALSE
	EndGlobalSection
	GlobalSection(ExtensibilityGlobals) = postSolution
		SolutionGuid = {EA4D1FB8-D786-4BED-A810-AC701BFB39CF}
	EndGlobalSection
EndGlobal
